
Microsoft Visual Studio Solution File, Format Version 12.00
# Visual Studio Version 17
VisualStudioVersion = 17.8.34330.188
MinimumVisualStudioVersion = 10.0.40219.1
Project("{FAE04EC0-301F-11D3-BF4B-00C04F79EFBC}") = "Bloggie.Web", "Bloggie.Web\Bloggie.Web.csproj", "{93CF4543-2A06-4DDF-9A58-AFC84F882C22}"
EndProject
Global
	GlobalSection(SolutionConfigurationPlatforms) = preSolution
		Debug|Any CPU = Debug|Any CPU
		Release|Any CPU = Release|Any CPU
	EndGlobalSection
	GlobalSection(ProjectConfigurationPlatforms) = postSolution
		{93CF4543-2A06-4DDF-9A58-AFC84F882C22}.Debug|Any CPU.ActiveCfg = Debug|Any CPU
		{93CF4543-2A06-4DDF-9A58-AFC84F882C22}.Debug|Any CPU.Build.0 = Debug|Any CPU
		{93CF4543-2A06-4DDF-9A58-AFC84F882C22}.Release|Any CPU.ActiveCfg = Release|Any CPU
		{93CF4543-2A06-4DDF-9A58-AFC84F882C22}.Release|Any CPU.Build.0 = Release|Any CPU
	EndGlobalSection
	GlobalSection(SolutionProperties) = preSolution
		HideSolutionNode = FALSE
	EndGlobalSection
	GlobalSection(ExtensibilityGlobals) = postSolution
		SolutionGuid = {A6A99A59-F0B5-4018-89D7-B8EA601060C4}
	EndGlobalSection
EndGlobal
